// !$*UTF8*$!
{
	archiveVersion = 1;
	classes = {
	};
	objectVersion = 51;
	objects = {

/* Begin PBXBuildFile section */
		1A1CBB17223FEEB2002BCE42 /* NetworkAnalyzer.swift in Sources */ = {isa = PBXBuildFile; fileRef = 1A1CBB16223FEEB2002BCE42 /* NetworkAnalyzer.swift */; };
		1A1CBB1F224031D7002BCE42 /* NetworkAnalyzerDelegate.swift in Sources */ = {isa = PBXBuildFile; fileRef = 1A1CBB1E224031D7002BCE42 /* NetworkAnalyzerDelegate.swift */; };
		1A5AC7FB223469E700D388F4 /* AppDelegate.swift in Sources */ = {isa = PBXBuildFile; fileRef = 1A5AC7FA223469E700D388F4 /* AppDelegate.swift */; };
		1A5AC7FD223469E700D388F4 /* ViewController.swift in Sources */ = {isa = PBXBuildFile; fileRef = 1A5AC7FC223469E700D388F4 /* ViewController.swift */; };
		1A5AC800223469E700D388F4 /* Main.storyboard in Resources */ = {isa = PBXBuildFile; fileRef = 1A5AC7FE223469E700D388F4 /* Main.storyboard */; };
		1A5AC802223469E800D388F4 /* Assets.xcassets in Resources */ = {isa = PBXBuildFile; fileRef = 1A5AC801223469E800D388F4 /* Assets.xcassets */; };
		1A5AC810223469E800D388F4 /* CoffeeshopNetworkAdvisorTests.swift in Sources */ = {isa = PBXBuildFile; fileRef = 1A5AC80F223469E800D388F4 /* CoffeeshopNetworkAdvisorTests.swift */; };
		1A5AC81B223469E800D388F4 /* CoffeeshopNetworkAdvisorUITests.swift in Sources */ = {isa = PBXBuildFile; fileRef = 1A5AC81A223469E800D388F4 /* CoffeeshopNetworkAdvisorUITests.swift */; };
		1A5AC82B22346E3700D388F4 /* NetworkExtension.framework in Frameworks */ = {isa = PBXBuildFile; fileRef = 1A5AC82A22346E3700D388F4 /* NetworkExtension.framework */; };
		1A6754A222395B4F005AA0E0 /* CNAPulseView.swift in Sources */ = {isa = PBXBuildFile; fileRef = 1A6754A122395B4F005AA0E0 /* CNAPulseView.swift */; };
		1A6754A422396652005AA0E0 /* CNAButton.swift in Sources */ = {isa = PBXBuildFile; fileRef = 1A6754A322396652005AA0E0 /* CNAButton.swift */; };
		1AA117D1223C19F400FA3901 /* ResponseChecker.swift in Sources */ = {isa = PBXBuildFile; fileRef = 1AA117D0223C19F400FA3901 /* ResponseChecker.swift */; };
		1AA117D2223C19F400FA3901 /* ResponseChecker.swift in Sources */ = {isa = PBXBuildFile; fileRef = 1AA117D0223C19F400FA3901 /* ResponseChecker.swift */; };
		1ACB9BD022385281009DE3BE /* Charts.framework in Frameworks */ = {isa = PBXBuildFile; fileRef = 1A149AEB22384AD300E5168B /* Charts.framework */; };
		1ACB9BD122385281009DE3BE /* Charts.framework in Embed Frameworks */ = {isa = PBXBuildFile; fileRef = 1A149AEB22384AD300E5168B /* Charts.framework */; settings = {ATTRIBUTES = (CodeSignOnCopy, RemoveHeadersOnCopy, ); }; };
		1ACFF28E223C14AD000921E6 /* SwiftyPing.framework in Frameworks */ = {isa = PBXBuildFile; fileRef = 1ACFF28C223C131E000921E6 /* SwiftyPing.framework */; };
		1ACFF28F223C14AD000921E6 /* SwiftyPing.framework in Embed Frameworks */ = {isa = PBXBuildFile; fileRef = 1ACFF28C223C131E000921E6 /* SwiftyPing.framework */; settings = {ATTRIBUTES = (CodeSignOnCopy, RemoveHeadersOnCopy, ); }; };
		1ACFF292223C14B5000921E6 /* Socket.framework in Frameworks */ = {isa = PBXBuildFile; fileRef = 1A4D321E223C0B330097967A /* Socket.framework */; };
		1ACFF293223C14B5000921E6 /* Socket.framework in Embed Frameworks */ = {isa = PBXBuildFile; fileRef = 1A4D321E223C0B330097967A /* Socket.framework */; settings = {ATTRIBUTES = (CodeSignOnCopy, RemoveHeadersOnCopy, ); }; };
/* End PBXBuildFile section */

/* Begin PBXContainerItemProxy section */
		1A149AEA22384AD300E5168B /* PBXContainerItemProxy */ = {
			isa = PBXContainerItemProxy;
			containerPortal = 1A149AE522384AD300E5168B /* Charts.xcodeproj */;
			proxyType = 2;
			remoteGlobalIDString = 65AD9E95D9ED4DC0BD73A743;
			remoteInfo = Charts;
		};
		1A149AEC22384AD300E5168B /* PBXContainerItemProxy */ = {
			isa = PBXContainerItemProxy;
			containerPortal = 1A149AE522384AD300E5168B /* Charts.xcodeproj */;
			proxyType = 2;
			remoteGlobalIDString = 1CBBC58C6CE1EBEE9852CE41;
			remoteInfo = ChartsTests;
		};
		1A4D321D223C0B330097967A /* PBXContainerItemProxy */ = {
			isa = PBXContainerItemProxy;
			containerPortal = 1A4D3215223C0B320097967A /* Socket.xcodeproj */;
			proxyType = 2;
			remoteGlobalIDString = "Socket::Socket::Product";
			remoteInfo = Socket;
		};
		1A4D321F223C0B330097967A /* PBXContainerItemProxy */ = {
			isa = PBXContainerItemProxy;
			containerPortal = 1A4D3215223C0B320097967A /* Socket.xcodeproj */;
			proxyType = 2;
			remoteGlobalIDString = "Socket::SocketTests::Product";
			remoteInfo = SocketTests;
		};
		1A5AC80C223469E800D388F4 /* PBXContainerItemProxy */ = {
			isa = PBXContainerItemProxy;
			containerPortal = 1A5AC7EF223469E700D388F4 /* Project object */;
			proxyType = 1;
			remoteGlobalIDString = 1A5AC7F6223469E700D388F4;
			remoteInfo = "Coffeeshop Network Advisor";
		};
		1A5AC817223469E800D388F4 /* PBXContainerItemProxy */ = {
			isa = PBXContainerItemProxy;
			containerPortal = 1A5AC7EF223469E700D388F4 /* Project object */;
			proxyType = 1;
			remoteGlobalIDString = 1A5AC7F6223469E700D388F4;
			remoteInfo = "Coffeeshop Network Advisor";
		};
		1ACB9BD222385281009DE3BE /* PBXContainerItemProxy */ = {
			isa = PBXContainerItemProxy;
			containerPortal = 1A149AE522384AD300E5168B /* Charts.xcodeproj */;
			proxyType = 1;
			remoteGlobalIDString = A58A4ED274A941CA248EA921;
			remoteInfo = Charts;
		};
		1ACFF28B223C131E000921E6 /* PBXContainerItemProxy */ = {
			isa = PBXContainerItemProxy;
			containerPortal = 1ACFF281223C131E000921E6 /* SwiftyPing.xcodeproj */;
			proxyType = 2;
			remoteGlobalIDString = "SwiftyPing::SwiftyPing::Product";
			remoteInfo = SwiftyPing;
		};
		1ACFF290223C14AD000921E6 /* PBXContainerItemProxy */ = {
			isa = PBXContainerItemProxy;
			containerPortal = 1ACFF281223C131E000921E6 /* SwiftyPing.xcodeproj */;
			proxyType = 1;
			remoteGlobalIDString = "SwiftyPing::SwiftyPing";
			remoteInfo = SwiftyPing;
		};
		1ACFF294223C14B5000921E6 /* PBXContainerItemProxy */ = {
			isa = PBXContainerItemProxy;
			containerPortal = 1A4D3215223C0B320097967A /* Socket.xcodeproj */;
			proxyType = 1;
			remoteGlobalIDString = "Socket::Socket";
			remoteInfo = Socket;
		};
/* End PBXContainerItemProxy section */

/* Begin PBXCopyFilesBuildPhase section */
		1ACB9BD422385282009DE3BE /* Embed Frameworks */ = {
			isa = PBXCopyFilesBuildPhase;
			buildActionMask = 2147483647;
			dstPath = "";
			dstSubfolderSpec = 10;
			files = (
				1ACFF293223C14B5000921E6 /* Socket.framework in Embed Frameworks */,
				1ACFF28F223C14AD000921E6 /* SwiftyPing.framework in Embed Frameworks */,
				1ACB9BD122385281009DE3BE /* Charts.framework in Embed Frameworks */,
			);
			name = "Embed Frameworks";
			runOnlyForDeploymentPostprocessing = 0;
		};
/* End PBXCopyFilesBuildPhase section */

/* Begin PBXFileReference section */
		1A149AE522384AD300E5168B /* Charts.xcodeproj */ = {isa = PBXFileReference; lastKnownFileType = "wrapper.pb-project"; name = Charts.xcodeproj; path = dependencies/IOSCharts/Charts.xcodeproj; sourceTree = "<group>"; };
		1A1CBB16223FEEB2002BCE42 /* NetworkAnalyzer.swift */ = {isa = PBXFileReference; lastKnownFileType = sourcecode.swift; path = NetworkAnalyzer.swift; sourceTree = "<group>"; };
		1A1CBB1E224031D7002BCE42 /* NetworkAnalyzerDelegate.swift */ = {isa = PBXFileReference; lastKnownFileType = sourcecode.swift; path = NetworkAnalyzerDelegate.swift; sourceTree = "<group>"; };
		1A36F831223476120022F18F /* README.md */ = {isa = PBXFileReference; fileEncoding = 4; lastKnownFileType = net.daringfireball.markdown; lineEnding = 0; path = README.md; sourceTree = "<group>"; };
		1A4D3215223C0B320097967A /* Socket.xcodeproj */ = {isa = PBXFileReference; lastKnownFileType = "wrapper.pb-project"; name = Socket.xcodeproj; path = dependencies/BlueSocket/Socket.xcodeproj; sourceTree = "<group>"; };
		1A5AC7F7223469E700D388F4 /* CNA.app */ = {isa = PBXFileReference; explicitFileType = wrapper.application; includeInIndex = 0; path = CNA.app; sourceTree = BUILT_PRODUCTS_DIR; };
		1A5AC7FA223469E700D388F4 /* AppDelegate.swift */ = {isa = PBXFileReference; fileEncoding = 4; lastKnownFileType = sourcecode.swift; lineEnding = 0; path = AppDelegate.swift; sourceTree = "<group>"; };
		1A5AC7FC223469E700D388F4 /* ViewController.swift */ = {isa = PBXFileReference; fileEncoding = 4; lastKnownFileType = sourcecode.swift; lineEnding = 0; path = ViewController.swift; sourceTree = "<group>"; };
		1A5AC7FF223469E700D388F4 /* Base */ = {isa = PBXFileReference; lastKnownFileType = file.storyboard; name = Base; path = Base.lproj/Main.storyboard; sourceTree = "<group>"; };
		1A5AC801223469E800D388F4 /* Assets.xcassets */ = {isa = PBXFileReference; lastKnownFileType = folder.assetcatalog; path = Assets.xcassets; sourceTree = "<group>"; };
		1A5AC806223469E800D388F4 /* Info.plist */ = {isa = PBXFileReference; lastKnownFileType = text.plist.xml; path = Info.plist; sourceTree = "<group>"; };
		1A5AC80B223469E800D388F4 /* CNATests.xctest */ = {isa = PBXFileReference; explicitFileType = wrapper.cfbundle; includeInIndex = 0; path = CNATests.xctest; sourceTree = BUILT_PRODUCTS_DIR; };
		1A5AC80F223469E800D388F4 /* CoffeeshopNetworkAdvisorTests.swift */ = {isa = PBXFileReference; lastKnownFileType = sourcecode.swift; path = CoffeeshopNetworkAdvisorTests.swift; sourceTree = "<group>"; };
		1A5AC811223469E800D388F4 /* Info.plist */ = {isa = PBXFileReference; lastKnownFileType = text.plist.xml; path = Info.plist; sourceTree = "<group>"; };
		1A5AC816223469E800D388F4 /* CNAUITests.xctest */ = {isa = PBXFileReference; explicitFileType = wrapper.cfbundle; includeInIndex = 0; path = CNAUITests.xctest; sourceTree = BUILT_PRODUCTS_DIR; };
		1A5AC81A223469E800D388F4 /* CoffeeshopNetworkAdvisorUITests.swift */ = {isa = PBXFileReference; lastKnownFileType = sourcecode.swift; path = CoffeeshopNetworkAdvisorUITests.swift; sourceTree = "<group>"; };
		1A5AC81C223469E800D388F4 /* Info.plist */ = {isa = PBXFileReference; lastKnownFileType = text.plist.xml; path = Info.plist; sourceTree = "<group>"; };
		1A5AC82A22346E3700D388F4 /* NetworkExtension.framework */ = {isa = PBXFileReference; lastKnownFileType = wrapper.framework; name = NetworkExtension.framework; path = System/Library/Frameworks/NetworkExtension.framework; sourceTree = SDKROOT; };
		1A65D7182234713500A6E9BE /* CNA.entitlements */ = {isa = PBXFileReference; lastKnownFileType = text.plist.entitlements; path = CNA.entitlements; sourceTree = "<group>"; };
		1A6754A122395B4F005AA0E0 /* CNAPulseView.swift */ = {isa = PBXFileReference; lastKnownFileType = sourcecode.swift; path = CNAPulseView.swift; sourceTree = "<group>"; };
		1A6754A322396652005AA0E0 /* CNAButton.swift */ = {isa = PBXFileReference; lastKnownFileType = sourcecode.swift; path = CNAButton.swift; sourceTree = "<group>"; };
		1AA117D0223C19F400FA3901 /* ResponseChecker.swift */ = {isa = PBXFileReference; lastKnownFileType = sourcecode.swift; path = ResponseChecker.swift; sourceTree = "<group>"; };
		1ACFF281223C131E000921E6 /* SwiftyPing.xcodeproj */ = {isa = PBXFileReference; lastKnownFileType = "wrapper.pb-project"; name = SwiftyPing.xcodeproj; path = dependencies/SwiftyPing/SwiftyPing.xcodeproj; sourceTree = "<group>"; };
/* End PBXFileReference section */

/* Begin PBXFrameworksBuildPhase section */
		1A5AC7F4223469E700D388F4 /* Frameworks */ = {
			isa = PBXFrameworksBuildPhase;
			buildActionMask = 2147483647;
			files = (
				1A5AC82B22346E3700D388F4 /* NetworkExtension.framework in Frameworks */,
				1ACFF292223C14B5000921E6 /* Socket.framework in Frameworks */,
				1ACFF28E223C14AD000921E6 /* SwiftyPing.framework in Frameworks */,
				1ACB9BD022385281009DE3BE /* Charts.framework in Frameworks */,
			);
			runOnlyForDeploymentPostprocessing = 0;
		};
		1A5AC808223469E800D388F4 /* Frameworks */ = {
			isa = PBXFrameworksBuildPhase;
			buildActionMask = 2147483647;
			files = (
			);
			runOnlyForDeploymentPostprocessing = 0;
		};
		1A5AC813223469E800D388F4 /* Frameworks */ = {
			isa = PBXFrameworksBuildPhase;
			buildActionMask = 2147483647;
			files = (
			);
			runOnlyForDeploymentPostprocessing = 0;
		};
/* End PBXFrameworksBuildPhase section */

/* Begin PBXGroup section */
		1A149AE622384AD300E5168B /* Products */ = {
			isa = PBXGroup;
			children = (
				1A149AEB22384AD300E5168B /* Charts.framework */,
				1A149AED22384AD300E5168B /* ChartsTests.xctest */,
			);
			name = Products;
			sourceTree = "<group>";
		};
		1A4D3216223C0B320097967A /* Products */ = {
			isa = PBXGroup;
			children = (
				1A4D321E223C0B330097967A /* Socket.framework */,
				1A4D3220223C0B330097967A /* SocketTests.xctest */,
			);
			name = Products;
			sourceTree = "<group>";
		};
		1A5AC7EE223469E700D388F4 = {
			isa = PBXGroup;
			children = (
				1A36F831223476120022F18F /* README.md */,
				1ACFF281223C131E000921E6 /* SwiftyPing.xcodeproj */,
				1A4D3215223C0B320097967A /* Socket.xcodeproj */,
				1A149AE522384AD300E5168B /* Charts.xcodeproj */,
				1A5AC7F9223469E700D388F4 /* CNA */,
				1A5AC80E223469E800D388F4 /* CNATests */,
				1A5AC819223469E800D388F4 /* CNAUITests */,
				1A5AC7F8223469E700D388F4 /* Products */,
				1A5AC82922346E3700D388F4 /* Frameworks */,
			);
			sourceTree = "<group>";
			usesTabs = 0;
		};
		1A5AC7F8223469E700D388F4 /* Products */ = {
			isa = PBXGroup;
			children = (
				1A5AC7F7223469E700D388F4 /* CNA.app */,
				1A5AC80B223469E800D388F4 /* CNATests.xctest */,
				1A5AC816223469E800D388F4 /* CNAUITests.xctest */,
			);
			name = Products;
			sourceTree = "<group>";
		};
		1A5AC7F9223469E700D388F4 /* CNA */ = {
			isa = PBXGroup;
			children = (
				1A65D7182234713500A6E9BE /* CNA.entitlements */,
				1A5AC7FA223469E700D388F4 /* AppDelegate.swift */,
				1A5AC7FC223469E700D388F4 /* ViewController.swift */,
				1A5AC7FE223469E700D388F4 /* Main.storyboard */,
				1A5AC801223469E800D388F4 /* Assets.xcassets */,
				1A5AC806223469E800D388F4 /* Info.plist */,
				1A6754A122395B4F005AA0E0 /* CNAPulseView.swift */,
				1A6754A322396652005AA0E0 /* CNAButton.swift */,
				1AA117D0223C19F400FA3901 /* ResponseChecker.swift */,
				1A1CBB16223FEEB2002BCE42 /* NetworkAnalyzer.swift */,
				1A1CBB1E224031D7002BCE42 /* NetworkAnalyzerDelegate.swift */,
			);
			path = CNA;
			sourceTree = "<group>";
		};
		1A5AC80E223469E800D388F4 /* CNATests */ = {
			isa = PBXGroup;
			children = (
				1A5AC80F223469E800D388F4 /* CoffeeshopNetworkAdvisorTests.swift */,
				1A5AC811223469E800D388F4 /* Info.plist */,
			);
			path = CNATests;
			sourceTree = "<group>";
		};
		1A5AC819223469E800D388F4 /* CNAUITests */ = {
			isa = PBXGroup;
			children = (
				1A5AC81A223469E800D388F4 /* CoffeeshopNetworkAdvisorUITests.swift */,
				1A5AC81C223469E800D388F4 /* Info.plist */,
			);
			path = CNAUITests;
			sourceTree = "<group>";
		};
		1A5AC82922346E3700D388F4 /* Frameworks */ = {
			isa = PBXGroup;
			children = (
				1A5AC82A22346E3700D388F4 /* NetworkExtension.framework */,
			);
			name = Frameworks;
			sourceTree = "<group>";
		};
		1ACFF282223C131E000921E6 /* Products */ = {
			isa = PBXGroup;
			children = (
				1ACFF28C223C131E000921E6 /* SwiftyPing.framework */,
			);
			name = Products;
			sourceTree = "<group>";
		};
/* End PBXGroup section */

/* Begin PBXNativeTarget section */
		1A5AC7F6223469E700D388F4 /* CNA */ = {
			isa = PBXNativeTarget;
			buildConfigurationList = 1A5AC81F223469E800D388F4 /* Build configuration list for PBXNativeTarget "CNA" */;
			buildPhases = (
				1A5AC7F3223469E700D388F4 /* Sources */,
				1A1CBB1D22401656002BCE42 /* Run Script (swiftformat) */,
				1A65D7192234720200A6E9BE /* Run Script (swiftlint) */,
				1A5AC7F4223469E700D388F4 /* Frameworks */,
				1A5AC7F5223469E700D388F4 /* Resources */,
				1ACB9BD422385282009DE3BE /* Embed Frameworks */,
			);
			buildRules = (
			);
			dependencies = (
				1ACB9BD322385281009DE3BE /* PBXTargetDependency */,
				1ACFF291223C14AD000921E6 /* PBXTargetDependency */,
				1ACFF295223C14B5000921E6 /* PBXTargetDependency */,
			);
			name = CNA;
			productName = "Coffeeshop Network Advisor";
			productReference = 1A5AC7F7223469E700D388F4 /* CNA.app */;
			productType = "com.apple.product-type.application";
		};
		1A5AC80A223469E800D388F4 /* CNATests */ = {
			isa = PBXNativeTarget;
			buildConfigurationList = 1A5AC822223469E800D388F4 /* Build configuration list for PBXNativeTarget "CNATests" */;
			buildPhases = (
				1A5AC807223469E800D388F4 /* Sources */,
				1A5AC808223469E800D388F4 /* Frameworks */,
				1A5AC809223469E800D388F4 /* Resources */,
			);
			buildRules = (
			);
			dependencies = (
				1A5AC80D223469E800D388F4 /* PBXTargetDependency */,
			);
			name = CNATests;
			productName = "Coffeeshop Network AdvisorTests";
			productReference = 1A5AC80B223469E800D388F4 /* CNATests.xctest */;
			productType = "com.apple.product-type.bundle.unit-test";
		};
		1A5AC815223469E800D388F4 /* CNAUITests */ = {
			isa = PBXNativeTarget;
			buildConfigurationList = 1A5AC825223469E800D388F4 /* Build configuration list for PBXNativeTarget "CNAUITests" */;
			buildPhases = (
				1A5AC812223469E800D388F4 /* Sources */,
				1A5AC813223469E800D388F4 /* Frameworks */,
				1A5AC814223469E800D388F4 /* Resources */,
			);
			buildRules = (
			);
			dependencies = (
				1A5AC818223469E800D388F4 /* PBXTargetDependency */,
			);
			name = CNAUITests;
			productName = "Coffeeshop Network AdvisorUITests";
			productReference = 1A5AC816223469E800D388F4 /* CNAUITests.xctest */;
			productType = "com.apple.product-type.bundle.ui-testing";
		};
/* End PBXNativeTarget section */

/* Begin PBXProject section */
		1A5AC7EF223469E700D388F4 /* Project object */ = {
			isa = PBXProject;
			attributes = {
				CLASSPREFIX = CNA;
				LastSwiftUpdateCheck = 1010;
				LastUpgradeCheck = 1010;
				ORGANIZATIONNAME = BackDrop;
				TargetAttributes = {
					1A5AC7F6223469E700D388F4 = {
						CreatedOnToolsVersion = 10.1;
						SystemCapabilities = {
							com.apple.AccessWiFi = {
								enabled = 1;
							};
							com.apple.NetworkExtensions.iOS = {
								enabled = 1;
							};
						};
					};
					1A5AC80A223469E800D388F4 = {
						CreatedOnToolsVersion = 10.1;
						TestTargetID = 1A5AC7F6223469E700D388F4;
					};
					1A5AC815223469E800D388F4 = {
						CreatedOnToolsVersion = 10.1;
						TestTargetID = 1A5AC7F6223469E700D388F4;
					};
				};
			};
			buildConfigurationList = 1A5AC7F2223469E700D388F4 /* Build configuration list for PBXProject "CNA" */;
			compatibilityVersion = "Xcode 10.0";
			developmentRegion = en;
			hasScannedForEncodings = 0;
			knownRegions = (
				en,
				Base,
			);
			mainGroup = 1A5AC7EE223469E700D388F4;
			productRefGroup = 1A5AC7F8223469E700D388F4 /* Products */;
			projectDirPath = "";
			projectReferences = (
				{
					ProductGroup = 1A149AE622384AD300E5168B /* Products */;
					ProjectRef = 1A149AE522384AD300E5168B /* Charts.xcodeproj */;
				},
				{
					ProductGroup = 1A4D3216223C0B320097967A /* Products */;
					ProjectRef = 1A4D3215223C0B320097967A /* Socket.xcodeproj */;
				},
				{
					ProductGroup = 1ACFF282223C131E000921E6 /* Products */;
					ProjectRef = 1ACFF281223C131E000921E6 /* SwiftyPing.xcodeproj */;
				},
			);
			projectRoot = "";
			targets = (
				1A5AC7F6223469E700D388F4 /* CNA */,
				1A5AC80A223469E800D388F4 /* CNATests */,
				1A5AC815223469E800D388F4 /* CNAUITests */,
			);
		};
/* End PBXProject section */

/* Begin PBXReferenceProxy section */
		1A149AEB22384AD300E5168B /* Charts.framework */ = {
			isa = PBXReferenceProxy;
			fileType = wrapper.framework;
			path = Charts.framework;
			remoteRef = 1A149AEA22384AD300E5168B /* PBXContainerItemProxy */;
			sourceTree = BUILT_PRODUCTS_DIR;
		};
		1A149AED22384AD300E5168B /* ChartsTests.xctest */ = {
			isa = PBXReferenceProxy;
			fileType = wrapper.cfbundle;
			path = ChartsTests.xctest;
			remoteRef = 1A149AEC22384AD300E5168B /* PBXContainerItemProxy */;
			sourceTree = BUILT_PRODUCTS_DIR;
		};
		1A4D321E223C0B330097967A /* Socket.framework */ = {
			isa = PBXReferenceProxy;
			fileType = wrapper.framework;
			path = Socket.framework;
			remoteRef = 1A4D321D223C0B330097967A /* PBXContainerItemProxy */;
			sourceTree = BUILT_PRODUCTS_DIR;
		};
		1A4D3220223C0B330097967A /* SocketTests.xctest */ = {
			isa = PBXReferenceProxy;
			fileType = wrapper.cfbundle;
			path = SocketTests.xctest;
			remoteRef = 1A4D321F223C0B330097967A /* PBXContainerItemProxy */;
			sourceTree = BUILT_PRODUCTS_DIR;
		};
		1ACFF28C223C131E000921E6 /* SwiftyPing.framework */ = {
			isa = PBXReferenceProxy;
			fileType = wrapper.framework;
			path = SwiftyPing.framework;
			remoteRef = 1ACFF28B223C131E000921E6 /* PBXContainerItemProxy */;
			sourceTree = BUILT_PRODUCTS_DIR;
		};
/* End PBXReferenceProxy section */

/* Begin PBXResourcesBuildPhase section */
		1A5AC7F5223469E700D388F4 /* Resources */ = {
			isa = PBXResourcesBuildPhase;
			buildActionMask = 2147483647;
			files = (
				1A5AC802223469E800D388F4 /* Assets.xcassets in Resources */,
				1A5AC800223469E700D388F4 /* Main.storyboard in Resources */,
			);
			runOnlyForDeploymentPostprocessing = 0;
		};
		1A5AC809223469E800D388F4 /* Resources */ = {
			isa = PBXResourcesBuildPhase;
			buildActionMask = 2147483647;
			files = (
			);
			runOnlyForDeploymentPostprocessing = 0;
		};
		1A5AC814223469E800D388F4 /* Resources */ = {
			isa = PBXResourcesBuildPhase;
			buildActionMask = 2147483647;
			files = (
			);
			runOnlyForDeploymentPostprocessing = 0;
		};
/* End PBXResourcesBuildPhase section */

/* Begin PBXShellScriptBuildPhase section */
		1A1CBB1D22401656002BCE42 /* Run Script (swiftformat) */ = {
			isa = PBXShellScriptBuildPhase;
			buildActionMask = 2147483647;
			files = (
			);
			inputFileListPaths = (
			);
			inputPaths = (
			);
			name = "Run Script (swiftformat)";
			outputFileListPaths = (
			);
			outputPaths = (
			);
			runOnlyForDeploymentPostprocessing = 0;
			shellPath = /bin/sh;
			shellScript = "if which swiftformat >/dev/null; then\nswiftformat . --exclude dependencies\nelse\necho \"warning: SwiftFormat not installed, download from https://github.com/nicklockwood/SwiftFormat\"\nfi\n";
		};
		1A65D7192234720200A6E9BE /* Run Script (swiftlint) */ = {
			isa = PBXShellScriptBuildPhase;
			buildActionMask = 2147483647;
			files = (
			);
			inputFileListPaths = (
			);
			inputPaths = (
			);
			name = "Run Script (swiftlint)";
			outputFileListPaths = (
			);
			outputPaths = (
			);
			runOnlyForDeploymentPostprocessing = 0;
			shellPath = /bin/sh;
			shellScript = "if which swiftlint >/dev/null; then\nswiftlint\nelse\necho \"warning: SwiftLint not installed, download from https://github.com/realm/SwiftLint\"\nfi\n";
		};
/* End PBXShellScriptBuildPhase section */

/* Begin PBXSourcesBuildPhase section */
		1A5AC7F3223469E700D388F4 /* Sources */ = {
			isa = PBXSourcesBuildPhase;
			buildActionMask = 2147483647;
			files = (
				1A5AC7FD223469E700D388F4 /* ViewController.swift in Sources */,
				1A5AC7FB223469E700D388F4 /* AppDelegate.swift in Sources */,
				1A6754A222395B4F005AA0E0 /* CNAPulseView.swift in Sources */,
				1A6754A422396652005AA0E0 /* CNAButton.swift in Sources */,
				1A1CBB17223FEEB2002BCE42 /* NetworkAnalyzer.swift in Sources */,
				1AA117D1223C19F400FA3901 /* ResponseChecker.swift in Sources */,
				1A1CBB1F224031D7002BCE42 /* NetworkAnalyzerDelegate.swift in Sources */,
			);
			runOnlyForDeploymentPostprocessing = 0;
		};
		1A5AC807223469E800D388F4 /* Sources */ = {
			isa = PBXSourcesBuildPhase;
			buildActionMask = 2147483647;
			files = (
				1AA117D2223C19F400FA3901 /* ResponseChecker.swift in Sources */,
				1A5AC810223469E800D388F4 /* CoffeeshopNetworkAdvisorTests.swift in Sources */,
			);
			runOnlyForDeploymentPostprocessing = 0;
		};
		1A5AC812223469E800D388F4 /* Sources */ = {
			isa = PBXSourcesBuildPhase;
			buildActionMask = 2147483647;
			files = (
				1A5AC81B223469E800D388F4 /* CoffeeshopNetworkAdvisorUITests.swift in Sources */,
			);
			runOnlyForDeploymentPostprocessing = 0;
		};
/* End PBXSourcesBuildPhase section */

/* Begin PBXTargetDependency section */
		1A5AC80D223469E800D388F4 /* PBXTargetDependency */ = {
			isa = PBXTargetDependency;
			target = 1A5AC7F6223469E700D388F4 /* CNA */;
			targetProxy = 1A5AC80C223469E800D388F4 /* PBXContainerItemProxy */;
		};
		1A5AC818223469E800D388F4 /* PBXTargetDependency */ = {
			isa = PBXTargetDependency;
			target = 1A5AC7F6223469E700D388F4 /* CNA */;
			targetProxy = 1A5AC817223469E800D388F4 /* PBXContainerItemProxy */;
		};
		1ACB9BD322385281009DE3BE /* PBXTargetDependency */ = {
			isa = PBXTargetDependency;
			name = Charts;
			targetProxy = 1ACB9BD222385281009DE3BE /* PBXContainerItemProxy */;
		};
		1ACFF291223C14AD000921E6 /* PBXTargetDependency */ = {
			isa = PBXTargetDependency;
			name = SwiftyPing;
			targetProxy = 1ACFF290223C14AD000921E6 /* PBXContainerItemProxy */;
		};
		1ACFF295223C14B5000921E6 /* PBXTargetDependency */ = {
			isa = PBXTargetDependency;
			name = Socket;
			targetProxy = 1ACFF294223C14B5000921E6 /* PBXContainerItemProxy */;
		};
/* End PBXTargetDependency section */

/* Begin PBXVariantGroup section */
		1A5AC7FE223469E700D388F4 /* Main.storyboard */ = {
			isa = PBXVariantGroup;
			children = (
				1A5AC7FF223469E700D388F4 /* Base */,
			);
			name = Main.storyboard;
			sourceTree = "<group>";
		};
/* End PBXVariantGroup section */

/* Begin XCBuildConfiguration section */
		1A5AC81D223469E800D388F4 /* Debug */ = {
			isa = XCBuildConfiguration;
			buildSettings = {
				ALWAYS_EMBED_SWIFT_STANDARD_LIBRARIES = NO;
				ALWAYS_SEARCH_USER_PATHS = NO;
				CLANG_ANALYZER_GCD_PERFORMANCE = YES;
				CLANG_ANALYZER_NONNULL = YES;
				CLANG_ANALYZER_NUMBER_OBJECT_CONVERSION = YES_AGGRESSIVE;
				CLANG_ANALYZER_SECURITY_FLOATLOOPCOUNTER = YES;
				CLANG_ANALYZER_SECURITY_INSECUREAPI_RAND = YES;
				CLANG_ANALYZER_SECURITY_INSECUREAPI_STRCPY = YES;
				CLANG_CXX_LANGUAGE_STANDARD = "gnu++14";
				CLANG_CXX_LIBRARY = "libc++";
				CLANG_ENABLE_MODULES = YES;
				CLANG_ENABLE_OBJC_ARC = YES;
				CLANG_ENABLE_OBJC_WEAK = YES;
				CLANG_UNDEFINED_BEHAVIOR_SANITIZER_INTEGER = YES;
				CLANG_UNDEFINED_BEHAVIOR_SANITIZER_NULLABILITY = YES;
				CLANG_WARN_BLOCK_CAPTURE_AUTORELEASING = YES;
				CLANG_WARN_BOOL_CONVERSION = YES;
				CLANG_WARN_COMMA = YES;
				CLANG_WARN_CONSTANT_CONVERSION = YES;
				CLANG_WARN_DEPRECATED_OBJC_IMPLEMENTATIONS = YES;
				CLANG_WARN_DIRECT_OBJC_ISA_USAGE = YES_ERROR;
				CLANG_WARN_DOCUMENTATION_COMMENTS = YES;
				CLANG_WARN_EMPTY_BODY = YES;
				CLANG_WARN_ENUM_CONVERSION = YES;
				CLANG_WARN_INFINITE_RECURSION = YES;
				CLANG_WARN_INT_CONVERSION = YES;
				CLANG_WARN_NON_LITERAL_NULL_CONVERSION = YES;
				CLANG_WARN_OBJC_IMPLICIT_RETAIN_SELF = YES;
				CLANG_WARN_OBJC_LITERAL_CONVERSION = YES;
				CLANG_WARN_OBJC_ROOT_CLASS = YES_ERROR;
				CLANG_WARN_RANGE_LOOP_ANALYSIS = YES;
				CLANG_WARN_STRICT_PROTOTYPES = YES;
				CLANG_WARN_SUSPICIOUS_MOVE = YES;
				CLANG_WARN_UNGUARDED_AVAILABILITY = YES_AGGRESSIVE;
				CLANG_WARN_UNREACHABLE_CODE = YES;
				CLANG_WARN__DUPLICATE_METHOD_MATCH = YES;
				CODE_SIGN_IDENTITY = "iPhone Developer";
				COPY_PHASE_STRIP = NO;
				DEBUG_INFORMATION_FORMAT = dwarf;
				ENABLE_STRICT_OBJC_MSGSEND = YES;
				ENABLE_TESTABILITY = YES;
				GCC_C_LANGUAGE_STANDARD = gnu11;
				GCC_DYNAMIC_NO_PIC = NO;
				GCC_NO_COMMON_BLOCKS = YES;
				GCC_OPTIMIZATION_LEVEL = 0;
				GCC_PREPROCESSOR_DEFINITIONS = (
					"DEBUG=1",
					"$(inherited)",
				);
				GCC_WARN_64_TO_32_BIT_CONVERSION = YES;
				GCC_WARN_ABOUT_RETURN_TYPE = YES_ERROR;
				GCC_WARN_UNDECLARED_SELECTOR = YES;
				GCC_WARN_UNINITIALIZED_AUTOS = YES_AGGRESSIVE;
				GCC_WARN_UNUSED_FUNCTION = YES;
				GCC_WARN_UNUSED_VARIABLE = YES;
				INFOPLIST_FILE = CNA/Info.plist;
				IPHONEOS_DEPLOYMENT_TARGET = 12.0;
				MTL_ENABLE_DEBUG_INFO = INCLUDE_SOURCE;
				MTL_FAST_MATH = YES;
				ONLY_ACTIVE_ARCH = YES;
				RUN_CLANG_STATIC_ANALYZER = YES;
				SDKROOT = iphoneos;
				SWIFT_ACTIVE_COMPILATION_CONDITIONS = DEBUG;
				SWIFT_OPTIMIZATION_LEVEL = "-Onone";
				SWIFT_VERSION = 4.2;
			};
			name = Debug;
		};
		1A5AC81E223469E800D388F4 /* Release */ = {
			isa = XCBuildConfiguration;
			buildSettings = {
				ALWAYS_EMBED_SWIFT_STANDARD_LIBRARIES = NO;
				ALWAYS_SEARCH_USER_PATHS = NO;
				CLANG_ANALYZER_GCD_PERFORMANCE = YES;
				CLANG_ANALYZER_NONNULL = YES;
				CLANG_ANALYZER_NUMBER_OBJECT_CONVERSION = YES_AGGRESSIVE;
				CLANG_ANALYZER_SECURITY_FLOATLOOPCOUNTER = YES;
				CLANG_ANALYZER_SECURITY_INSECUREAPI_RAND = YES;
				CLANG_ANALYZER_SECURITY_INSECUREAPI_STRCPY = YES;
				CLANG_CXX_LANGUAGE_STANDARD = "gnu++14";
				CLANG_CXX_LIBRARY = "libc++";
				CLANG_ENABLE_MODULES = YES;
				CLANG_ENABLE_OBJC_ARC = YES;
				CLANG_ENABLE_OBJC_WEAK = YES;
				CLANG_WARN_BLOCK_CAPTURE_AUTORELEASING = YES;
				CLANG_WARN_BOOL_CONVERSION = YES;
				CLANG_WARN_COMMA = YES;
				CLANG_WARN_CONSTANT_CONVERSION = YES;
				CLANG_WARN_DEPRECATED_OBJC_IMPLEMENTATIONS = YES;
				CLANG_WARN_DIRECT_OBJC_ISA_USAGE = YES_ERROR;
				CLANG_WARN_DOCUMENTATION_COMMENTS = YES;
				CLANG_WARN_EMPTY_BODY = YES;
				CLANG_WARN_ENUM_CONVERSION = YES;
				CLANG_WARN_INFINITE_RECURSION = YES;
				CLANG_WARN_INT_CONVERSION = YES;
				CLANG_WARN_NON_LITERAL_NULL_CONVERSION = YES;
				CLANG_WARN_OBJC_IMPLICIT_RETAIN_SELF = YES;
				CLANG_WARN_OBJC_LITERAL_CONVERSION = YES;
				CLANG_WARN_OBJC_ROOT_CLASS = YES_ERROR;
				CLANG_WARN_RANGE_LOOP_ANALYSIS = YES;
				CLANG_WARN_STRICT_PROTOTYPES = YES;
				CLANG_WARN_SUSPICIOUS_MOVE = YES;
				CLANG_WARN_UNGUARDED_AVAILABILITY = YES_AGGRESSIVE;
				CLANG_WARN_UNREACHABLE_CODE = YES;
				CLANG_WARN__DUPLICATE_METHOD_MATCH = YES;
				CODE_SIGN_IDENTITY = "iPhone Developer";
				COPY_PHASE_STRIP = NO;
				DEBUG_INFORMATION_FORMAT = "dwarf-with-dsym";
				ENABLE_NS_ASSERTIONS = NO;
				ENABLE_STRICT_OBJC_MSGSEND = YES;
				GCC_C_LANGUAGE_STANDARD = gnu11;
				GCC_NO_COMMON_BLOCKS = YES;
				GCC_WARN_64_TO_32_BIT_CONVERSION = YES;
				GCC_WARN_ABOUT_RETURN_TYPE = YES_ERROR;
				GCC_WARN_UNDECLARED_SELECTOR = YES;
				GCC_WARN_UNINITIALIZED_AUTOS = YES_AGGRESSIVE;
				GCC_WARN_UNUSED_FUNCTION = YES;
				GCC_WARN_UNUSED_VARIABLE = YES;
				INFOPLIST_FILE = CNA/Info.plist;
				IPHONEOS_DEPLOYMENT_TARGET = 12.0;
				MTL_ENABLE_DEBUG_INFO = NO;
				MTL_FAST_MATH = YES;
				SDKROOT = iphoneos;
				SWIFT_COMPILATION_MODE = wholemodule;
				SWIFT_OPTIMIZATION_LEVEL = "-O";
				SWIFT_VERSION = 4.2;
				VALIDATE_PRODUCT = YES;
			};
			name = Release;
		};
		1A5AC820223469E800D388F4 /* Debug */ = {
			isa = XCBuildConfiguration;
			buildSettings = {
				ALWAYS_EMBED_SWIFT_STANDARD_LIBRARIES = YES;
				ASSETCATALOG_COMPILER_APPICON_NAME = AppIcon;
				CODE_SIGN_ENTITLEMENTS = CNA/CNA.entitlements;
				CODE_SIGN_STYLE = Automatic;
				DEVELOPMENT_TEAM = BDV4VC27D3;
				IPHONEOS_DEPLOYMENT_TARGET = 12.0;
				LD_RUNPATH_SEARCH_PATHS = (
					"$(inherited)",
					"@executable_path/Frameworks",
				);
				PRODUCT_BUNDLE_IDENTIFIER = "com.rhonabwy.Coffeeshop-Network-Advisor";
				PRODUCT_NAME = "$(TARGET_NAME)";
				SWIFT_VERSION = 4.2;
				TARGETED_DEVICE_FAMILY = "1,2";
			};
			name = Debug;
		};
		1A5AC821223469E800D388F4 /* Release */ = {
			isa = XCBuildConfiguration;
			buildSettings = {
				ALWAYS_EMBED_SWIFT_STANDARD_LIBRARIES = YES;
				ASSETCATALOG_COMPILER_APPICON_NAME = AppIcon;
				CODE_SIGN_ENTITLEMENTS = CNA/CNA.entitlements;
				CODE_SIGN_STYLE = Automatic;
				DEVELOPMENT_TEAM = BDV4VC27D3;
				IPHONEOS_DEPLOYMENT_TARGET = 12.0;
				LD_RUNPATH_SEARCH_PATHS = (
					"$(inherited)",
					"@executable_path/Frameworks",
				);
				PRODUCT_BUNDLE_IDENTIFIER = "com.rhonabwy.Coffeeshop-Network-Advisor";
				PRODUCT_NAME = "$(TARGET_NAME)";
				SWIFT_VERSION = 4.2;
				TARGETED_DEVICE_FAMILY = "1,2";
			};
			name = Release;
		};
		1A5AC823223469E800D388F4 /* Debug */ = {
			isa = XCBuildConfiguration;
			buildSettings = {
				ALWAYS_EMBED_SWIFT_STANDARD_LIBRARIES = YES;
				BUNDLE_LOADER = "$(TEST_HOST)";
				CODE_SIGN_STYLE = Automatic;
				DEVELOPMENT_TEAM = BDV4VC27D3;
				INFOPLIST_FILE = CNATests/Info.plist;
				LD_RUNPATH_SEARCH_PATHS = (
					"$(inherited)",
					"@executable_path/Frameworks",
					"@loader_path/Frameworks",
				);
				PRODUCT_BUNDLE_IDENTIFIER = "com.rhonabwy.Coffeeshop-Network-AdvisorTests";
				PRODUCT_NAME = "$(TARGET_NAME)";
				SWIFT_VERSION = 4.2;
				TARGETED_DEVICE_FAMILY = "1,2";
				TEST_HOST = "$(BUILT_PRODUCTS_DIR)/CNA.app/CNA";
			};
			name = Debug;
		};
		1A5AC824223469E800D388F4 /* Release */ = {
			isa = XCBuildConfiguration;
			buildSettings = {
				ALWAYS_EMBED_SWIFT_STANDARD_LIBRARIES = YES;
				BUNDLE_LOADER = "$(TEST_HOST)";
				CODE_SIGN_STYLE = Automatic;
				DEVELOPMENT_TEAM = BDV4VC27D3;
				INFOPLIST_FILE = CNATests/Info.plist;
				LD_RUNPATH_SEARCH_PATHS = (
					"$(inherited)",
					"@executable_path/Frameworks",
					"@loader_path/Frameworks",
				);
				PRODUCT_BUNDLE_IDENTIFIER = "com.rhonabwy.Coffeeshop-Network-AdvisorTests";
				PRODUCT_NAME = "$(TARGET_NAME)";
				SWIFT_VERSION = 4.2;
				TARGETED_DEVICE_FAMILY = "1,2";
				TEST_HOST = "$(BUILT_PRODUCTS_DIR)/CNA.app/CNA";
			};
			name = Release;
		};
		1A5AC826223469E800D388F4 /* Debug */ = {
			isa = XCBuildConfiguration;
			buildSettings = {
				ALWAYS_EMBED_SWIFT_STANDARD_LIBRARIES = YES;
				CODE_SIGN_STYLE = Automatic;
				DEVELOPMENT_TEAM = BDV4VC27D3;
				INFOPLIST_FILE = CNAUITests/Info.plist;
				LD_RUNPATH_SEARCH_PATHS = (
					"$(inherited)",
					"@executable_path/Frameworks",
					"@loader_path/Frameworks",
				);
				PRODUCT_BUNDLE_IDENTIFIER = "com.rhonabwy.Coffeeshop-Network-AdvisorUITests";
				PRODUCT_NAME = "$(TARGET_NAME)";
				PROVISIONING_PROFILE = "";
				SWIFT_VERSION = 4.2;
				TARGETED_DEVICE_FAMILY = "1,2";
				TEST_TARGET_NAME = CNA;
			};
			name = Debug;
		};
		1A5AC827223469E800D388F4 /* Release */ = {
			isa = XCBuildConfiguration;
			buildSettings = {
				ALWAYS_EMBED_SWIFT_STANDARD_LIBRARIES = YES;
				CODE_SIGN_STYLE = Automatic;
				DEVELOPMENT_TEAM = BDV4VC27D3;
				INFOPLIST_FILE = CNAUITests/Info.plist;
				LD_RUNPATH_SEARCH_PATHS = (
					"$(inherited)",
					"@executable_path/Frameworks",
					"@loader_path/Frameworks",
				);
				PRODUCT_BUNDLE_IDENTIFIER = "com.rhonabwy.Coffeeshop-Network-AdvisorUITests";
				PRODUCT_NAME = "$(TARGET_NAME)";
				PROVISIONING_PROFILE = "";
				SWIFT_VERSION = 4.2;
				TARGETED_DEVICE_FAMILY = "1,2";
				TEST_TARGET_NAME = CNA;
			};
			name = Release;
		};
/* End XCBuildConfiguration section */

/* Begin XCConfigurationList section */
		1A5AC7F2223469E700D388F4 /* Build configuration list for PBXProject "CNA" */ = {
			isa = XCConfigurationList;
			buildConfigurations = (
				1A5AC81D223469E800D388F4 /* Debug */,
				1A5AC81E223469E800D388F4 /* Release */,
			);
			defaultConfigurationIsVisible = 0;
			defaultConfigurationName = Release;
		};
		1A5AC81F223469E800D388F4 /* Build configuration list for PBXNativeTarget "CNA" */ = {
			isa = XCConfigurationList;
			buildConfigurations = (
				1A5AC820223469E800D388F4 /* Debug */,
				1A5AC821223469E800D388F4 /* Release */,
			);
			defaultConfigurationIsVisible = 0;
			defaultConfigurationName = Release;
		};
		1A5AC822223469E800D388F4 /* Build configuration list for PBXNativeTarget "CNATests" */ = {
			isa = XCConfigurationList;
			buildConfigurations = (
				1A5AC823223469E800D388F4 /* Debug */,
				1A5AC824223469E800D388F4 /* Release */,
			);
			defaultConfigurationIsVisible = 0;
			defaultConfigurationName = Release;
		};
		1A5AC825223469E800D388F4 /* Build configuration list for PBXNativeTarget "CNAUITests" */ = {
			isa = XCConfigurationList;
			buildConfigurations = (
				1A5AC826223469E800D388F4 /* Debug */,
				1A5AC827223469E800D388F4 /* Release */,
			);
			defaultConfigurationIsVisible = 0;
			defaultConfigurationName = Release;
		};
/* End XCConfigurationList section */
	};
	rootObject = 1A5AC7EF223469E700D388F4 /* Project object */;
}
